# generated by rye
# use `rye lock` or `rye sync` to update this lockfile
#
# last locked with the following flags:
#   pre: false
#   features: []
#   all-features: false
#   with-sources: false
#   generate-hashes: false
#   universal: false

-e file:.
accelerate==0.33.0
    # via llm-playground
certifi==2022.12.7
    # via requests
charset-normalizer==2.1.1
    # via requests
filelock==3.13.1
    # via huggingface-hub
    # via transformers
fsspec==2024.2.0
    # via huggingface-hub
huggingface-hub==0.25.2
    # via accelerate
    # via tokenizers
    # via transformers
idna==3.4
    # via requests
jinja2==3.1.3
    # via llm-playground
markupsafe==2.1.5
    # via jinja2
numpy==1.26.3
    # via accelerate
    # via transformers
packaging==22.0
    # via accelerate
    # via huggingface-hub
    # via transformers
psutil==6.0.0
    # via accelerate
pyyaml==6.0.2
    # via accelerate
    # via huggingface-hub
    # via transformers
regex==2024.9.11
    # via transformers
requests==2.28.1
    # via huggingface-hub
    # via transformers
safetensors==0.4.5
    # via accelerate
    # via transformers
tokenizers==0.19.1
    # via transformers
torch==1.13.1+cu116
    # via accelerate
    # via llm-playground
tqdm==4.64.1
    # via huggingface-hub
    # via transformers
transformers==4.44.0
    # via llm-playground
typing-extensions==4.9.0
    # via huggingface-hub
    # via torch
urllib3==1.26.13
    # via requests
